{
  "version": "5",
  "specifiers": {
    "jsr:@b-fuze/deno-dom@*": "0.1.56",
    "jsr:@b-fuze/deno-dom@~0.1.56": "0.1.56",
    "jsr:@cliffy/ansi@1.1.0": "1.1.0",
    "jsr:@cliffy/command@^1.1.0": "1.1.0",
    "jsr:@cliffy/flags@1.1.0": "1.1.0",
    "jsr:@cliffy/internal@1.1.0": "1.1.0",
    "jsr:@cliffy/keycode@1.1.0": "1.1.0",
    "jsr:@cliffy/prompt@^1.1.0": "1.1.0",
    "jsr:@cliffy/table@1.1.0": "1.1.0",
    "jsr:@cliffy/table@^1.1.0": "1.1.0",
    "jsr:@std/assert@1": "1.0.19",
    "jsr:@std/assert@^1.0.19": "1.0.19",
    "jsr:@std/encoding@^1.0.10": "1.0.10",
    "jsr:@std/fmt@^1.0.9": "1.0.10",
    "jsr:@std/internal@^1.0.12": "1.0.13",
    "jsr:@std/io@~0.225.3": "0.225.3",
    "jsr:@std/path@1.1.4": "1.1.4",
    "jsr:@std/path@^1.1.4": "1.1.4",
    "jsr:@std/text@^1.0.17": "1.0.18"
  },
  "jsr": {
    "@b-fuze/deno-dom@0.1.56": {
      "integrity": "8030e2dc1d8750f1682b53462ab893d9c3470f2287feecbe22f44a88c54ab148"
    },
    "@cliffy/ansi@1.1.0": {
      "integrity": "f95946660bf07c34017b8eb09240f0ef346a201284be8f1c33f372410f59edf4",
      "dependencies": [
        "jsr:@cliffy/internal",
        "jsr:@std/encoding",
        "jsr:@std/io"
      ]
    },
    "@cliffy/command@1.1.0": {
      "integrity": "963019e2aa13272195b79256a7d8e0f2c60ba8c1b733e023f0aa241b4de87bf7",
      "dependencies": [
        "jsr:@cliffy/flags",
        "jsr:@cliffy/internal",
        "jsr:@cliffy/table@1.1.0",
        "jsr:@std/fmt",
        "jsr:@std/text"
      ]
    },
    "@cliffy/flags@1.1.0": {
      "integrity": "da161133ea19997d42ae5833226485a8e7598cf82b86d7c1a2ea10e974ecf21c",
      "dependencies": [
        "jsr:@cliffy/internal",
        "jsr:@std/text"
      ]
    },
    "@cliffy/internal@1.1.0": {
      "integrity": "433dd7755680d0da6b0a6186694327f6fd8e80807be314cf4bb06270bab28023"
    },
    "@cliffy/keycode@1.1.0": {
      "integrity": "66c0bfa2e299f9158a20bdecd7fcf77c8499a9872c8888ab912fa28977bdff0d"
    },
    "@cliffy/prompt@1.1.0": {
      "integrity": "111b5186a5920ebc6b6b5d14cf40f497e0015259fc2ceeb38a3abf4ace514494",
      "dependencies": [
        "jsr:@cliffy/ansi",
        "jsr:@cliffy/internal",
        "jsr:@cliffy/keycode",
        "jsr:@std/assert@^1.0.19",
        "jsr:@std/fmt",
        "jsr:@std/io",
        "jsr:@std/path@^1.1.4",
        "jsr:@std/text"
      ]
    },
    "@cliffy/table@1.1.0": {
      "integrity": "6579680c9900628ccd0e05272e89ae483391d74a4f1dfe7c55c919e8a7320bcd",
      "dependencies": [
        "jsr:@std/fmt"
      ]
    },
    "@std/assert@1.0.19": {
      "integrity": "eaada96ee120cb980bc47e040f82814d786fe8162ecc53c91d8df60b8755991e",
      "dependencies": [
        "jsr:@std/internal"
      ]
    },
    "@std/encoding@1.0.10": {
      "integrity": "8783c6384a2d13abd5e9e87a7ae0520a30e9f56aeeaa3bdf910a3eaaf5c811a1"
    },
    "@std/fmt@1.0.10": {
      "integrity": "90dfba288802ac6de82fb31d0917eb9e4450b9925b954d5e51fc29ac07419db5"
    },
    "@std/internal@1.0.13": {
      "integrity": "2f9546691d4ac2d32859c82dff284aaeac980ddeca38430d07941e7e288725c0"
    },
    "@std/io@0.225.3": {
      "integrity": "27b07b591384d12d7b568f39e61dff966b8230559122df1e9fd11cc068f7ddd1"
    },
    "@std/path@1.1.4": {
      "integrity": "1d2d43f39efb1b42f0b1882a25486647cb851481862dc7313390b2bb044314b5",
      "dependencies": [
        "jsr:@std/internal"
      ]
    },
    "@std/text@1.0.18": {
      "integrity": "d199e516f80599813c64fd4aee5b8f26f6f7d1e1434c88fd153aeea6fea6a9b9"
    }
  },
  "remote": {
    "https://cdn.jsdelivr.net/gh/lumeland/lume@3.2.4/core/utils/lume_config.ts": "20eca22ebba2c8c2d99da73b463e09104e1335e3ea588a35602dcefae56679f8",
    "https://cdn.jsdelivr.net/gh/lumeland/lume@3.2.4/core/utils/path.ts": "73db7b3bf8df81b7af4085a9fef4d5648ac083a4e826ae98c0dcb96b0fa64e6b",
    "https://cdn.jsdelivr.net/gh/lumeland/lume@3.2.4/deps/path.ts": "a3d24ee31773ba6ef19b588612f376acef0ad5d3d761c4d9a315f79036cc87a4",
    "https://cdn.jsdelivr.net/gh/lumeland/lume@3.2.4/lint.ts": "41c1bb62434eb9d8e39a255c0dd9cd10734451dd208e3263b5e1c9835732556e",
    "https://cdn.jsdelivr.net/gh/lumeland/lume@3.2.6/core/utils/lume_config.ts": "20eca22ebba2c8c2d99da73b463e09104e1335e3ea588a35602dcefae56679f8",
    "https://cdn.jsdelivr.net/gh/lumeland/lume@3.2.6/core/utils/path.ts": "73db7b3bf8df81b7af4085a9fef4d5648ac083a4e826ae98c0dcb96b0fa64e6b",
    "https://cdn.jsdelivr.net/gh/lumeland/lume@3.2.6/deps/path.ts": "173ff2317c7a2efefb79aa51e09a6b2a6618a705c802c7fe24c912a50afb0818",
    "https://cdn.jsdelivr.net/gh/lumeland/lume@3.2.6/lint.ts": "41c1bb62434eb9d8e39a255c0dd9cd10734451dd208e3263b5e1c9835732556e",
    "https://deno.land/x/deno_dom@v0.1.49/build/deno-wasm/deno-wasm.js": "d6841a06342eb6a2798ef28de79ad69c0f2fa349fa04d3ca45e5fcfbf50a9340",
    "https://deno.land/x/deno_dom@v0.1.49/deno-dom-wasm.ts": "0669396686fb207f1354af33df6aabe2189b4eceafdb1bf7f3d6bbb2637b6b03",
    "https://deno.land/x/deno_dom@v0.1.49/src/api.ts": "0ff5790f0a3eeecb4e00b7d8fbfa319b165962cf6d0182a65ba90f158d74f7d7",
    "https://deno.land/x/deno_dom@v0.1.49/src/constructor-lock.ts": "0e7b297e8b9cf921a3b0d3a692ec5fb462c5afc47ec554292e20090b9e16b40a",
    "https://deno.land/x/deno_dom@v0.1.49/src/deserialize.ts": "514953418b7ae558ed7361ad9be21013f46cba2f58bd7f4acc90cf1e89f9c8cf",
    "https://deno.land/x/deno_dom@v0.1.49/src/dom/document-fragment.ts": "0b915d094830d43b330dc2fb8012b990f2c815773c6cdcd4a9fdff99fe47412e",
    "https://deno.land/x/deno_dom@v0.1.49/src/dom/document.ts": "ad584ac4ce6dce03f0ff6ef4b7db86fd598f9c7824da1387f7f2acd7d6948e4a",
    "https://deno.land/x/deno_dom@v0.1.49/src/dom/dom-parser.ts": "784ee0e766d4a01e14420f328053fd3a0016c6b40ee442edc3ae80f5d9777927",
    "https://deno.land/x/deno_dom@v0.1.49/src/dom/element.ts": "7d330192fbfd406fb67ab7a3387576fe35fec129b7c52c2ea38615144fa5b12e",
    "https://deno.land/x/deno_dom@v0.1.49/src/dom/elements/html-template-element.ts": "1707dfb4cbb145f3bcb94426d7cdedbaa336620d0afed30e99f50fe87ba24a98",
    "https://deno.land/x/deno_dom@v0.1.49/src/dom/html-collection.ts": "68046d3f7380f1cb148188c53f48e337123acf3af533c52e74cba6d5e9846c3d",
    "https://deno.land/x/deno_dom@v0.1.49/src/dom/node-list.ts": "31b45dafce91d5f6d7e8f5c91cf4f6667842a971f09d40fd08f5ddd7cb3b1dab",
    "https://deno.land/x/deno_dom@v0.1.49/src/dom/node.ts": "53ada9e4b2ae21f10f5941ff257ed4585920ae392020544648f349c05d15d30c",
    "https://deno.land/x/deno_dom@v0.1.49/src/dom/selectors/custom-api.ts": "852696bd58e534bc41bd3be9e2250b60b67cd95fd28ed16b1deff1d548531a71",
    "https://deno.land/x/deno_dom@v0.1.49/src/dom/selectors/nwsapi-types.ts": "c43b36c36acc5d32caabaa54fda8c9d239b2b0fcbce9a28efb93c84aa1021698",
    "https://deno.land/x/deno_dom@v0.1.49/src/dom/selectors/nwsapi.js": "985d7d8fc1eabbb88946b47a1c44c1b2d4aa79ff23c21424219f1528fa27a2ff",
    "https://deno.land/x/deno_dom@v0.1.49/src/dom/selectors/selectors.ts": "83eab57be2290fb48e3130533448c93c6c61239f2a2f3b85f1917f80ca0fdc75",
    "https://deno.land/x/deno_dom@v0.1.49/src/dom/selectors/sizzle-types.ts": "78149e2502409989ce861ed636b813b059e16bc267bb543e7c2b26ef43e4798b",
    "https://deno.land/x/deno_dom@v0.1.49/src/dom/selectors/sizzle.js": "c3aed60c1045a106d8e546ac2f85cc82e65f62d9af2f8f515210b9212286682a",
    "https://deno.land/x/deno_dom@v0.1.49/src/dom/string-cache.ts": "8e935804f7bac244cc70cec90a28c9f6d30fea14c61c2c4ea48fca274376d786",
    "https://deno.land/x/deno_dom@v0.1.49/src/dom/utils-types.ts": "96db30e3e4a75b194201bb9fa30988215da7f91b380fca6a5143e51ece2a8436",
    "https://deno.land/x/deno_dom@v0.1.49/src/dom/utils.ts": "bc429635e9204051ba1ecc1b212031b5ee7c6bcd95120c91bef696804aa67e74",
    "https://deno.land/x/deno_dom@v0.1.49/src/parser.ts": "e06b2300d693e6ae7564e53dfa5c9a9e97fdb8c044c39c52c8b93b5d60860be3"
  },
  "workspace": {
    "dependencies": [
      "jsr:@b-fuze/deno-dom@~0.1.56",
      "jsr:@cliffy/command@^1.1.0",
      "jsr:@cliffy/prompt@^1.1.0",
      "jsr:@cliffy/table@^1.1.0",
      "jsr:@std/assert@1"
    ]
  }
}
